
Microsoft Visual Studio Solution File, Format Version 12.00
# Visual Studio 15
VisualStudioVersion = 15.0.28307.489
MinimumVisualStudioVersion = 10.0.40219.1
Project("{FAE04EC0-301F-11D3-BF4B-00C04F79EFBC}") = "PerfectSquaresWhileLoopZach", "PerfectSquaresWhileLoopZach\PerfectSquaresWhileLoopZach.csproj", "{AB54D903-7754-4EE7-BF60-17C3B348CA61}"
EndProject
Global
	GlobalSection(SolutionConfigurationPlatforms) = preSolution
		Debug|Any CPU = Debug|Any CPU
		Release|Any CPU = Release|Any CPU
	EndGlobalSection
	GlobalSection(ProjectConfigurationPlatforms) = postSolution
		{AB54D903-7754-4EE7-BF60-17C3B348CA61}.Debug|Any CPU.ActiveCfg = Debug|Any CPU
		{AB54D903-7754-4EE7-BF60-17C3B348CA61}.Debug|Any CPU.Build.0 = Debug|Any CPU
		{AB54D903-7754-4EE7-BF60-17C3B348CA61}.Release|Any CPU.ActiveCfg = Release|Any CPU
		{AB54D903-7754-4EE7-BF60-17C3B348CA61}.Release|Any CPU.Build.0 = Release|Any CPU
	EndGlobalSection
	GlobalSection(SolutionProperties) = preSolution
		HideSolutionNode = FALSE
	EndGlobalSection
	GlobalSection(ExtensibilityGlobals) = postSolution
		SolutionGuid = {3C250943-AE1D-4A3B-9A07-6F82EC66C0F7}
	EndGlobalSection
EndGlobal
