
Microsoft Visual Studio Solution File, Format Version 12.00
# Visual Studio 15
VisualStudioVersion = 15.0.28307.489
MinimumVisualStudioVersion = 10.0.40219.1
Project("{FAE04EC0-301F-11D3-BF4B-00C04F79EFBC}") = "FactorialDoWhileZach", "FactorialDoWhileZach\FactorialDoWhileZach.csproj", "{0DBAF381-0561-4013-9F70-A4BB3591802B}"
EndProject
Global
	GlobalSection(SolutionConfigurationPlatforms) = preSolution
		Debug|Any CPU = Debug|Any CPU
		Release|Any CPU = Release|Any CPU
	EndGlobalSection
	GlobalSection(ProjectConfigurationPlatforms) = postSolution
		{0DBAF381-0561-4013-9F70-A4BB3591802B}.Debug|Any CPU.ActiveCfg = Debug|Any CPU
		{0DBAF381-0561-4013-9F70-A4BB3591802B}.Debug|Any CPU.Build.0 = Debug|Any CPU
		{0DBAF381-0561-4013-9F70-A4BB3591802B}.Release|Any CPU.ActiveCfg = Release|Any CPU
		{0DBAF381-0561-4013-9F70-A4BB3591802B}.Release|Any CPU.Build.0 = Release|Any CPU
	EndGlobalSection
	GlobalSection(SolutionProperties) = preSolution
		HideSolutionNode = FALSE
	EndGlobalSection
	GlobalSection(ExtensibilityGlobals) = postSolution
		SolutionGuid = {298F003C-BDB7-466E-896C-E4EFEC33FC7F}
	EndGlobalSection
EndGlobal
